
Microsoft Visual Studio Solution File, Format Version 12.00
# Visual Studio Version 16
VisualStudioVersion = 16.0.28315.86
MinimumVisualStudioVersion = 10.0.40219.1
Project("{2150E333-8FDC-42A3-9474-1A3956D46DE8}") = "Engine", "Engine", "{8C7491D3-17D8-433D-BD8A-F7D42D32C46D}"
EndProject
Project("{2150E333-8FDC-42A3-9474-1A3956D46DE8}") = "Games", "Games", "{C4F9784C-48C5-45E8-AD43-EFFF995977DC}"
EndProject
Project("{8BC9CEB8-8B4A-11D0-8D11-00A0C91BC942}") = "UE4", "Intermediate\ProjectFiles\UE4.vcxproj", "{0900A873-93F5-4EB5-B227-B728F992BE3C}"
EndProject
Project("{8BC9CEB8-8B4A-11D0-8D11-00A0C91BC942}") = "BatteryMan", "Intermediate\ProjectFiles\BatteryMan.vcxproj", "{0751A844-9B5F-441C-9CCF-669D71F96E10}"
EndProject
Project("{2150E333-8FDC-42A3-9474-1A3956D46DE8}") = "Visualizers", "Visualizers", "{C49A5BF3-8420-4BC9-ABAA-720BC1416A3C}"
	ProjectSection(SolutionItems) = preProject
		..\..\..\..\..\Program Files\Epic Games\UE_4.24\Engine\Extras\VisualStudioDebugging\UE4.natvis = ..\..\..\..\..\Program Files\Epic Games\UE_4.24\Engine\Extras\VisualStudioDebugging\UE4.natvis
	EndProjectSection
EndProject
Global
	GlobalSection(SolutionConfigurationPlatforms) = preSolution
		DebugGame Editor|Win32 = DebugGame Editor|Win32
		DebugGame Editor|Win64 = DebugGame Editor|Win64
		DebugGame|Win32 = DebugGame|Win32
		DebugGame|Win64 = DebugGame|Win64
		Development Editor|Win32 = Development Editor|Win32
		Development Editor|Win64 = Development Editor|Win64
		Development|Win32 = Development|Win32
		Development|Win64 = Development|Win64
		Shipping|Win32 = Shipping|Win32
		Shipping|Win64 = Shipping|Win64
	EndGlobalSection
	GlobalSection(ProjectConfigurationPlatforms) = postSolution
		{0900A873-93F5-4EB5-B227-B728F992BE3C}.DebugGame Editor|Win32.ActiveCfg = BuiltWithUnrealBuildTool|Win32
		{0900A873-93F5-4EB5-B227-B728F992BE3C}.DebugGame Editor|Win64.ActiveCfg = BuiltWithUnrealBuildTool|Win32
		{0900A873-93F5-4EB5-B227-B728F992BE3C}.DebugGame|Win32.ActiveCfg = BuiltWithUnrealBuildTool|Win32
		{0900A873-93F5-4EB5-B227-B728F992BE3C}.DebugGame|Win64.ActiveCfg = BuiltWithUnrealBuildTool|Win32
		{0900A873-93F5-4EB5-B227-B728F992BE3C}.Development Editor|Win32.ActiveCfg = BuiltWithUnrealBuildTool|Win32
		{0900A873-93F5-4EB5-B227-B728F992BE3C}.Development Editor|Win64.ActiveCfg = BuiltWithUnrealBuildTool|Win32
		{0900A873-93F5-4EB5-B227-B728F992BE3C}.Development|Win32.ActiveCfg = BuiltWithUnrealBuildTool|Win32
		{0900A873-93F5-4EB5-B227-B728F992BE3C}.Development|Win64.ActiveCfg = BuiltWithUnrealBuildTool|Win32
		{0900A873-93F5-4EB5-B227-B728F992BE3C}.Shipping|Win32.ActiveCfg = BuiltWithUnrealBuildTool|Win32
		{0900A873-93F5-4EB5-B227-B728F992BE3C}.Shipping|Win64.ActiveCfg = BuiltWithUnrealBuildTool|Win32
		{0751A844-9B5F-441C-9CCF-669D71F96E10}.DebugGame Editor|Win32.ActiveCfg = Invalid|Win32
		{0751A844-9B5F-441C-9CCF-669D71F96E10}.DebugGame Editor|Win64.ActiveCfg = DebugGame_Editor|x64
		{0751A844-9B5F-441C-9CCF-669D71F96E10}.DebugGame Editor|Win64.Build.0 = DebugGame_Editor|x64
		{0751A844-9B5F-441C-9CCF-669D71F96E10}.DebugGame|Win32.ActiveCfg = DebugGame|Win32
		{0751A844-9B5F-441C-9CCF-669D71F96E10}.DebugGame|Win32.Build.0 = DebugGame|Win32
		{0751A844-9B5F-441C-9CCF-669D71F96E10}.DebugGame|Win64.ActiveCfg = DebugGame|x64
		{0751A844-9B5F-441C-9CCF-669D71F96E10}.DebugGame|Win64.Build.0 = DebugGame|x64
		{0751A844-9B5F-441C-9CCF-669D71F96E10}.Development Editor|Win32.ActiveCfg = Invalid|Win32
		{0751A844-9B5F-441C-9CCF-669D71F96E10}.Development Editor|Win64.ActiveCfg = Development_Editor|x64
		{0751A844-9B5F-441C-9CCF-669D71F96E10}.Development Editor|Win64.Build.0 = Development_Editor|x64
		{0751A844-9B5F-441C-9CCF-669D71F96E10}.Development|Win32.ActiveCfg = Development|Win32
		{0751A844-9B5F-441C-9CCF-669D71F96E10}.Development|Win32.Build.0 = Development|Win32
		{0751A844-9B5F-441C-9CCF-669D71F96E10}.Development|Win64.ActiveCfg = Development|x64
		{0751A844-9B5F-441C-9CCF-669D71F96E10}.Development|Win64.Build.0 = Development|x64
		{0751A844-9B5F-441C-9CCF-669D71F96E10}.Shipping|Win32.ActiveCfg = Shipping|Win32
		{0751A844-9B5F-441C-9CCF-669D71F96E10}.Shipping|Win32.Build.0 = Shipping|Win32
		{0751A844-9B5F-441C-9CCF-669D71F96E10}.Shipping|Win64.ActiveCfg = Shipping|x64
		{0751A844-9B5F-441C-9CCF-669D71F96E10}.Shipping|Win64.Build.0 = Shipping|x64
	EndGlobalSection
	GlobalSection(SolutionProperties) = preSolution
		HideSolutionNode = FALSE
	EndGlobalSection
	GlobalSection(NestedProjects) = preSolution
		{0900A873-93F5-4EB5-B227-B728F992BE3C} = {8C7491D3-17D8-433D-BD8A-F7D42D32C46D}
		{0751A844-9B5F-441C-9CCF-669D71F96E10} = {C4F9784C-48C5-45E8-AD43-EFFF995977DC}
	EndGlobalSection
EndGlobal
